{
  "lockfile_version": "1",
  "packages": {
    "github:NixOS/nixpkgs/nixpkgs-unstable": {
      "last_modified": "2025-05-22T23:55:03Z",
      "resolved": "github:NixOS/nixpkgs/fe51d34885f7b5e3e7b59572796e1bcb427eccb1?lastModified=1747958103&narHash=sha256-qmmFCrfBwSHoWw7cVK4Aj%2Bfns%2Bc54EBP8cGqp%2FyK410%3D"
    },
    "nodejs@23.9.0": {
      "last_modified": "2025-03-13T11:38:39Z",
      "plugin_version": "0.0.2",
      "resolved": "github:NixOS/nixpkgs/573c650e8a14b2faa0041645ab18aed7e60f0c9a#nodejs_23",
      "source": "devbox-search",
      "version": "23.9.0",
      "systems": {
        "aarch64-darwin": {
          "outputs": [
            {
              "name": "out",
              "path": "/nix/store/9l10wmw90rm34bvywk35bhzyk2gj4p35-nodejs-23.9.0",
              "default": true
            },
            {
              "name": "libv8",
              "path": "/nix/store/1chpq1vc4i1y8mkd51svcgjwdax7f46s-nodejs-23.9.0-libv8"
            }
          ],
          "store_path": "/nix/store/9l10wmw90rm34bvywk35bhzyk2gj4p35-nodejs-23.9.0"
        },
        "aarch64-linux": {
          "outputs": [
            {
              "name": "out",
              "path": "/nix/store/aq8rqs7z0x2viccjf1l9xwzzvds1ia17-nodejs-23.9.0",
              "default": true
            },
            {
              "name": "libv8",
              "path": "/nix/store/ac0nb2z39hy72n44y7i6q81dhqxgb238-nodejs-23.9.0-libv8"
            }
          ],
          "store_path": "/nix/store/aq8rqs7z0x2viccjf1l9xwzzvds1ia17-nodejs-23.9.0"
        },
        "x86_64-darwin": {
          "outputs": [
            {
              "name": "out",
              "path": "/nix/store/526yv5a898wrq6jwjjmbjs4ic2y4979h-nodejs-23.9.0",
              "default": true
            },
            {
              "name": "libv8",
              "path": "/nix/store/8213gq3iqbfyxgmwkhf8yf2nx1mzp2aa-nodejs-23.9.0-libv8"
            }
          ],
          "store_path": "/nix/store/526yv5a898wrq6jwjjmbjs4ic2y4979h-nodejs-23.9.0"
        },
        "x86_64-linux": {
          "outputs": [
            {
              "name": "out",
              "path": "/nix/store/vrkmkzd2f1z6ywqc347p2szz0yvi9g02-nodejs-23.9.0",
              "default": true
            },
            {
              "name": "libv8",
              "path": "/nix/store/wk1nf6dradmfhmb3ws9dsqvxnj6dbgg5-nodejs-23.9.0-libv8"
            }
          ],
          "store_path": "/nix/store/vrkmkzd2f1z6ywqc347p2szz0yvi9g02-nodejs-23.9.0"
        }
      }
    }
  }
}
